// !$*UTF8*$!
{
	archiveVersion = 1;
	classes = {
	};
	objectVersion = 55;
	objects = {

/* Begin PBXBuildFile section */
		B90A79122899E2BF00B90193 /* AppDelegate.swift in Sources */ = {isa = PBXBuildFile; fileRef = B90A79112899E2BF00B90193 /* AppDelegate.swift */; };
		B90A79142899E2BF00B90193 /* SceneDelegate.swift in Sources */ = {isa = PBXBuildFile; fileRef = B90A79132899E2BF00B90193 /* SceneDelegate.swift */; };
		B90A791B2899E2C200B90193 /* Assets.xcassets in Resources */ = {isa = PBXBuildFile; fileRef = B90A791A2899E2C200B90193 /* Assets.xcassets */; };
		B90A791E2899E2C200B90193 /* LaunchScreen.storyboard in Resources */ = {isa = PBXBuildFile; fileRef = B90A791C2899E2C200B90193 /* LaunchScreen.storyboard */; };
		B90A792D289A8C2200B90193 /* Tobacco.swift in Sources */ = {isa = PBXBuildFile; fileRef = B90A792C289A8C2200B90193 /* Tobacco.swift */; };
		B948D83628CD286400E35884 /* SetDataBaseNetworkingProtocol.swift in Sources */ = {isa = PBXBuildFile; fileRef = B948D83528CD286400E35884 /* SetDataBaseNetworkingProtocol.swift */; };
		B9677CF228D8917000EF9FC6 /* extention + UIViewController.swift in Sources */ = {isa = PBXBuildFile; fileRef = B9677CF128D8917000EF9FC6 /* extention + UIViewController.swift */; };
		B9677CF428D89D4000EF9FC6 /* FirestoreCollection.swift in Sources */ = {isa = PBXBuildFile; fileRef = B9677CF328D89D4000EF9FC6 /* FirestoreCollection.swift */; };
		B98E1DB128F04A0F00964B8F /* AddManufacturerPresenter.swift in Sources */ = {isa = PBXBuildFile; fileRef = B98E1DAB28F04A0F00964B8F /* AddManufacturerPresenter.swift */; };
		B98E1DB228F04A0F00964B8F /* AddManufacturerRouter.swift in Sources */ = {isa = PBXBuildFile; fileRef = B98E1DAC28F04A0F00964B8F /* AddManufacturerRouter.swift */; };
		B98E1DB328F04A0F00964B8F /* AddManufacturerViewController.swift in Sources */ = {isa = PBXBuildFile; fileRef = B98E1DAD28F04A0F00964B8F /* AddManufacturerViewController.swift */; };
		B98E1DB428F04A0F00964B8F /* AddManufacturerInteractor.swift in Sources */ = {isa = PBXBuildFile; fileRef = B98E1DAE28F04A0F00964B8F /* AddManufacturerInteractor.swift */; };
		B98E1DB528F04A0F00964B8F /* AddManufacturerConfigurator.swift in Sources */ = {isa = PBXBuildFile; fileRef = B98E1DAF28F04A0F00964B8F /* AddManufacturerConfigurator.swift */; };
		B98E1DB628F04A0F00964B8F /* AddManufacturerEntity.swift in Sources */ = {isa = PBXBuildFile; fileRef = B98E1DB028F04A0F00964B8F /* AddManufacturerEntity.swift */; };
		B98E1DD628F0812500964B8F /* LoginPresenter.swift in Sources */ = {isa = PBXBuildFile; fileRef = B98E1DD028F0812500964B8F /* LoginPresenter.swift */; };
		B98E1DD728F0812500964B8F /* LoginRouter.swift in Sources */ = {isa = PBXBuildFile; fileRef = B98E1DD128F0812500964B8F /* LoginRouter.swift */; };
		B98E1DD828F0812500964B8F /* LoginViewController.swift in Sources */ = {isa = PBXBuildFile; fileRef = B98E1DD228F0812500964B8F /* LoginViewController.swift */; };
		B98E1DD928F0812500964B8F /* LoginInteractor.swift in Sources */ = {isa = PBXBuildFile; fileRef = B98E1DD328F0812500964B8F /* LoginInteractor.swift */; };
		B98E1DDA28F0812500964B8F /* LoginConfigurator.swift in Sources */ = {isa = PBXBuildFile; fileRef = B98E1DD428F0812500964B8F /* LoginConfigurator.swift */; };
		B98E1DDD28F08C0300964B8F /* Configurator.swift in Sources */ = {isa = PBXBuildFile; fileRef = B98E1DDC28F08C0300964B8F /* Configurator.swift */; };
		B98E1DE528F08D4400964B8F /* AddTobaccoPresenter.swift in Sources */ = {isa = PBXBuildFile; fileRef = B98E1DDF28F08D4400964B8F /* AddTobaccoPresenter.swift */; };
		B98E1DE628F08D4400964B8F /* AddTobaccoRouter.swift in Sources */ = {isa = PBXBuildFile; fileRef = B98E1DE028F08D4400964B8F /* AddTobaccoRouter.swift */; };
		B98E1DE728F08D4400964B8F /* AddTobaccoViewController.swift in Sources */ = {isa = PBXBuildFile; fileRef = B98E1DE128F08D4400964B8F /* AddTobaccoViewController.swift */; };
		B98E1DE828F08D4400964B8F /* AddTobaccoInteractor.swift in Sources */ = {isa = PBXBuildFile; fileRef = B98E1DE228F08D4400964B8F /* AddTobaccoInteractor.swift */; };
		B98E1DE928F08D4400964B8F /* AddTobaccoConfigurator.swift in Sources */ = {isa = PBXBuildFile; fileRef = B98E1DE328F08D4400964B8F /* AddTobaccoConfigurator.swift */; };
		B98E1DEA28F08D4400964B8F /* AddTobaccoEntity.swift in Sources */ = {isa = PBXBuildFile; fileRef = B98E1DE428F08D4400964B8F /* AddTobaccoEntity.swift */; };
		B98E1DF228F0DBCF00964B8F /* AdminMenuPresenter.swift in Sources */ = {isa = PBXBuildFile; fileRef = B98E1DEC28F0DBCF00964B8F /* AdminMenuPresenter.swift */; };
		B98E1DF328F0DBCF00964B8F /* AdminMenuRouter.swift in Sources */ = {isa = PBXBuildFile; fileRef = B98E1DED28F0DBCF00964B8F /* AdminMenuRouter.swift */; };
		B98E1DF428F0DBCF00964B8F /* AdminMenuViewController.swift in Sources */ = {isa = PBXBuildFile; fileRef = B98E1DEE28F0DBCF00964B8F /* AdminMenuViewController.swift */; };
		B98E1DF528F0DBCF00964B8F /* AdminMenuInteractor.swift in Sources */ = {isa = PBXBuildFile; fileRef = B98E1DEF28F0DBCF00964B8F /* AdminMenuInteractor.swift */; };
		B98E1DF628F0DBCF00964B8F /* AdminMenuConfigurator.swift in Sources */ = {isa = PBXBuildFile; fileRef = B98E1DF028F0DBCF00964B8F /* AdminMenuConfigurator.swift */; };
		B9A4708328D2B84500CA6FAA /* extention + UIFont.swift in Sources */ = {isa = PBXBuildFile; fileRef = B9A4708228D2B84500CA6FAA /* extention + UIFont.swift */; };
		B9A4708628D2BB6400CA6FAA /* AddTextFieldView.swift in Sources */ = {isa = PBXBuildFile; fileRef = B9A4708528D2BB6400CA6FAA /* AddTextFieldView.swift */; };
		B9C7825A28ECE25800DBF8C6 /* AuthServiceProtocol.swift in Sources */ = {isa = PBXBuildFile; fileRef = B9C7825928ECE25800DBF8C6 /* AuthServiceProtocol.swift */; };
		B9D6055928D4CB590058D19E /* Manufacturer.swift in Sources */ = {isa = PBXBuildFile; fileRef = B9D6055828D4CB590058D19E /* Manufacturer.swift */; };
		B9D6055B28D4CF610058D19E /* FireBaseSetNetworkManager.swift in Sources */ = {isa = PBXBuildFile; fileRef = B9D6055A28D4CF610058D19E /* FireBaseSetNetworkManager.swift */; };
		B9D6055D28D4CFA70058D19E /* GetDataBaseNetworkingProtocol.swift in Sources */ = {isa = PBXBuildFile; fileRef = B9D6055C28D4CFA70058D19E /* GetDataBaseNetworkingProtocol.swift */; };
		B9D6056128D4F1410058D19E /* GoogleService-Info.plist in Resources */ = {isa = PBXBuildFile; fileRef = B9D6056028D4F1410058D19E /* GoogleService-Info.plist */; };
		B9D6056428D4FED20058D19E /* FirebaseAuth in Frameworks */ = {isa = PBXBuildFile; productRef = B9D6056328D4FED20058D19E /* FirebaseAuth */; settings = {ATTRIBUTES = (Required, ); }; };
		B9D6056628D4FED20058D19E /* FirebaseFirestoreSwift in Frameworks */ = {isa = PBXBuildFile; productRef = B9D6056528D4FED20058D19E /* FirebaseFirestoreSwift */; };
		B9D6056828D4FED20058D19E /* FirebaseStorage in Frameworks */ = {isa = PBXBuildFile; productRef = B9D6056728D4FED20058D19E /* FirebaseStorage */; };
		B9D6056C28D508800058D19E /* SnapKit in Frameworks */ = {isa = PBXBuildFile; productRef = B9D6056B28D508800058D19E /* SnapKit */; };
		B9D6057428D53C350058D19E /* FireBaseAuthService.swift in Sources */ = {isa = PBXBuildFile; fileRef = B9D6057328D53C350058D19E /* FireBaseAuthService.swift */; };
		B9F77A2128E500040089D80C /* FireBaseGetNetworkManager.swift in Sources */ = {isa = PBXBuildFile; fileRef = B9F77A2028E500040089D80C /* FireBaseGetNetworkManager.swift */; };
/* End PBXBuildFile section */

/* Begin PBXFileReference section */
		B90A790E2899E2BF00B90193 /* HookahTobacco.app */ = {isa = PBXFileReference; explicitFileType = wrapper.application; includeInIndex = 0; path = HookahTobacco.app; sourceTree = BUILT_PRODUCTS_DIR; };
		B90A79112899E2BF00B90193 /* AppDelegate.swift */ = {isa = PBXFileReference; lastKnownFileType = sourcecode.swift; path = AppDelegate.swift; sourceTree = "<group>"; };
		B90A79132899E2BF00B90193 /* SceneDelegate.swift */ = {isa = PBXFileReference; lastKnownFileType = sourcecode.swift; path = SceneDelegate.swift; sourceTree = "<group>"; };
		B90A791A2899E2C200B90193 /* Assets.xcassets */ = {isa = PBXFileReference; lastKnownFileType = folder.assetcatalog; path = Assets.xcassets; sourceTree = "<group>"; };
		B90A791D2899E2C200B90193 /* Base */ = {isa = PBXFileReference; lastKnownFileType = file.storyboard; name = Base; path = Base.lproj/LaunchScreen.storyboard; sourceTree = "<group>"; };
		B90A791F2899E2C200B90193 /* Info.plist */ = {isa = PBXFileReference; lastKnownFileType = text.plist.xml; path = Info.plist; sourceTree = "<group>"; };
		B90A792A2899F0B800B90193 /* CompanyListViewController.swift */ = {isa = PBXFileReference; lastKnownFileType = sourcecode.swift; path = CompanyListViewController.swift; sourceTree = "<group>"; };
		B90A792C289A8C2200B90193 /* Tobacco.swift */ = {isa = PBXFileReference; lastKnownFileType = sourcecode.swift; path = Tobacco.swift; sourceTree = "<group>"; };
		B91EB76828A1421B00502221 /* extention + String.swift */ = {isa = PBXFileReference; lastKnownFileType = sourcecode.swift; path = "extention + String.swift"; sourceTree = "<group>"; };
		B948914F28CCEC8B0021EE79 /* UserDefaultsManager.swift */ = {isa = PBXFileReference; lastKnownFileType = sourcecode.swift; path = UserDefaultsManager.swift; sourceTree = "<group>"; };
		B948D83528CD286400E35884 /* SetDataBaseNetworkingProtocol.swift */ = {isa = PBXFileReference; lastKnownFileType = sourcecode.swift; path = SetDataBaseNetworkingProtocol.swift; sourceTree = "<group>"; };
		B9677CF128D8917000EF9FC6 /* extention + UIViewController.swift */ = {isa = PBXFileReference; lastKnownFileType = sourcecode.swift; path = "extention + UIViewController.swift"; sourceTree = "<group>"; };
		B9677CF328D89D4000EF9FC6 /* FirestoreCollection.swift */ = {isa = PBXFileReference; lastKnownFileType = sourcecode.swift; path = FirestoreCollection.swift; sourceTree = "<group>"; };
		B98E1DAB28F04A0F00964B8F /* AddManufacturerPresenter.swift */ = {isa = PBXFileReference; lastKnownFileType = sourcecode.swift; path = AddManufacturerPresenter.swift; sourceTree = "<group>"; };
		B98E1DAC28F04A0F00964B8F /* AddManufacturerRouter.swift */ = {isa = PBXFileReference; lastKnownFileType = sourcecode.swift; path = AddManufacturerRouter.swift; sourceTree = "<group>"; };
		B98E1DAD28F04A0F00964B8F /* AddManufacturerViewController.swift */ = {isa = PBXFileReference; lastKnownFileType = sourcecode.swift; path = AddManufacturerViewController.swift; sourceTree = "<group>"; };
		B98E1DAE28F04A0F00964B8F /* AddManufacturerInteractor.swift */ = {isa = PBXFileReference; lastKnownFileType = sourcecode.swift; path = AddManufacturerInteractor.swift; sourceTree = "<group>"; };
		B98E1DAF28F04A0F00964B8F /* AddManufacturerConfigurator.swift */ = {isa = PBXFileReference; lastKnownFileType = sourcecode.swift; path = AddManufacturerConfigurator.swift; sourceTree = "<group>"; };
		B98E1DB028F04A0F00964B8F /* AddManufacturerEntity.swift */ = {isa = PBXFileReference; lastKnownFileType = sourcecode.swift; path = AddManufacturerEntity.swift; sourceTree = "<group>"; };
		B98E1DD028F0812500964B8F /* LoginPresenter.swift */ = {isa = PBXFileReference; lastKnownFileType = sourcecode.swift; path = LoginPresenter.swift; sourceTree = "<group>"; };
		B98E1DD128F0812500964B8F /* LoginRouter.swift */ = {isa = PBXFileReference; lastKnownFileType = sourcecode.swift; path = LoginRouter.swift; sourceTree = "<group>"; };
		B98E1DD228F0812500964B8F /* LoginViewController.swift */ = {isa = PBXFileReference; lastKnownFileType = sourcecode.swift; path = LoginViewController.swift; sourceTree = "<group>"; };
		B98E1DD328F0812500964B8F /* LoginInteractor.swift */ = {isa = PBXFileReference; lastKnownFileType = sourcecode.swift; path = LoginInteractor.swift; sourceTree = "<group>"; };
		B98E1DD428F0812500964B8F /* LoginConfigurator.swift */ = {isa = PBXFileReference; lastKnownFileType = sourcecode.swift; path = LoginConfigurator.swift; sourceTree = "<group>"; };
		B98E1DDC28F08C0300964B8F /* Configurator.swift */ = {isa = PBXFileReference; lastKnownFileType = sourcecode.swift; path = Configurator.swift; sourceTree = "<group>"; };
		B98E1DDF28F08D4400964B8F /* AddTobaccoPresenter.swift */ = {isa = PBXFileReference; lastKnownFileType = sourcecode.swift; path = AddTobaccoPresenter.swift; sourceTree = "<group>"; };
		B98E1DE028F08D4400964B8F /* AddTobaccoRouter.swift */ = {isa = PBXFileReference; lastKnownFileType = sourcecode.swift; path = AddTobaccoRouter.swift; sourceTree = "<group>"; };
		B98E1DE128F08D4400964B8F /* AddTobaccoViewController.swift */ = {isa = PBXFileReference; lastKnownFileType = sourcecode.swift; path = AddTobaccoViewController.swift; sourceTree = "<group>"; };
		B98E1DE228F08D4400964B8F /* AddTobaccoInteractor.swift */ = {isa = PBXFileReference; lastKnownFileType = sourcecode.swift; path = AddTobaccoInteractor.swift; sourceTree = "<group>"; };
		B98E1DE328F08D4400964B8F /* AddTobaccoConfigurator.swift */ = {isa = PBXFileReference; lastKnownFileType = sourcecode.swift; path = AddTobaccoConfigurator.swift; sourceTree = "<group>"; };
		B98E1DE428F08D4400964B8F /* AddTobaccoEntity.swift */ = {isa = PBXFileReference; lastKnownFileType = sourcecode.swift; path = AddTobaccoEntity.swift; sourceTree = "<group>"; };
		B98E1DEC28F0DBCF00964B8F /* AdminMenuPresenter.swift */ = {isa = PBXFileReference; lastKnownFileType = sourcecode.swift; path = AdminMenuPresenter.swift; sourceTree = "<group>"; };
		B98E1DED28F0DBCF00964B8F /* AdminMenuRouter.swift */ = {isa = PBXFileReference; lastKnownFileType = sourcecode.swift; path = AdminMenuRouter.swift; sourceTree = "<group>"; };
		B98E1DEE28F0DBCF00964B8F /* AdminMenuViewController.swift */ = {isa = PBXFileReference; lastKnownFileType = sourcecode.swift; path = AdminMenuViewController.swift; sourceTree = "<group>"; };
		B98E1DEF28F0DBCF00964B8F /* AdminMenuInteractor.swift */ = {isa = PBXFileReference; lastKnownFileType = sourcecode.swift; path = AdminMenuInteractor.swift; sourceTree = "<group>"; };
		B98E1DF028F0DBCF00964B8F /* AdminMenuConfigurator.swift */ = {isa = PBXFileReference; lastKnownFileType = sourcecode.swift; path = AdminMenuConfigurator.swift; sourceTree = "<group>"; };
		B9A4708228D2B84500CA6FAA /* extention + UIFont.swift */ = {isa = PBXFileReference; lastKnownFileType = sourcecode.swift; path = "extention + UIFont.swift"; sourceTree = "<group>"; };
		B9A4708528D2BB6400CA6FAA /* AddTextFieldView.swift */ = {isa = PBXFileReference; lastKnownFileType = sourcecode.swift; path = AddTextFieldView.swift; sourceTree = "<group>"; };
		B9C7825928ECE25800DBF8C6 /* AuthServiceProtocol.swift */ = {isa = PBXFileReference; lastKnownFileType = sourcecode.swift; path = AuthServiceProtocol.swift; sourceTree = "<group>"; };
		B9D6055828D4CB590058D19E /* Manufacturer.swift */ = {isa = PBXFileReference; lastKnownFileType = sourcecode.swift; path = Manufacturer.swift; sourceTree = "<group>"; };
		B9D6055A28D4CF610058D19E /* FireBaseSetNetworkManager.swift */ = {isa = PBXFileReference; lastKnownFileType = sourcecode.swift; path = FireBaseSetNetworkManager.swift; sourceTree = "<group>"; };
		B9D6055C28D4CFA70058D19E /* GetDataBaseNetworkingProtocol.swift */ = {isa = PBXFileReference; lastKnownFileType = sourcecode.swift; path = GetDataBaseNetworkingProtocol.swift; sourceTree = "<group>"; };
		B9D6056028D4F1410058D19E /* GoogleService-Info.plist */ = {isa = PBXFileReference; fileEncoding = 4; lastKnownFileType = text.plist.xml; path = "GoogleService-Info.plist"; sourceTree = "<group>"; };
		B9D6057328D53C350058D19E /* FireBaseAuthService.swift */ = {isa = PBXFileReference; lastKnownFileType = sourcecode.swift; path = FireBaseAuthService.swift; sourceTree = "<group>"; };
		B9F77A2028E500040089D80C /* FireBaseGetNetworkManager.swift */ = {isa = PBXFileReference; lastKnownFileType = sourcecode.swift; path = FireBaseGetNetworkManager.swift; sourceTree = "<group>"; };
/* End PBXFileReference section */

/* Begin PBXFrameworksBuildPhase section */
		B90A790B2899E2BF00B90193 /* Frameworks */ = {
			isa = PBXFrameworksBuildPhase;
			buildActionMask = 2147483647;
			files = (
				B9D6056428D4FED20058D19E /* FirebaseAuth in Frameworks */,
				B9D6056C28D508800058D19E /* SnapKit in Frameworks */,
				B9D6056628D4FED20058D19E /* FirebaseFirestoreSwift in Frameworks */,
				B9D6056828D4FED20058D19E /* FirebaseStorage in Frameworks */,
			);
			runOnlyForDeploymentPostprocessing = 0;
		};
/* End PBXFrameworksBuildPhase section */

/* Begin PBXGroup section */
		B90A79052899E2BF00B90193 = {
			isa = PBXGroup;
			children = (
				B90A79102899E2BF00B90193 /* HookahTobacco */,
				B90A790F2899E2BF00B90193 /* Products */,
				B9D6056A28D508800058D19E /* Frameworks */,
			);
			sourceTree = "<group>";
		};
		B90A790F2899E2BF00B90193 /* Products */ = {
			isa = PBXGroup;
			children = (
				B90A790E2899E2BF00B90193 /* HookahTobacco.app */,
			);
			name = Products;
			sourceTree = "<group>";
		};
		B90A79102899E2BF00B90193 /* HookahTobacco */ = {
			isa = PBXGroup;
			children = (
				B9D705F928E3A6730079AD23 /* AdminViews */,
				B90A79292899F08000B90193 /* CompanyList */,
				B91EB76728A141F400502221 /* Helpers */,
				B90A792E289C2ABE00B90193 /* Services */,
				B90A79112899E2BF00B90193 /* AppDelegate.swift */,
				B90A79132899E2BF00B90193 /* SceneDelegate.swift */,
				B90A791A2899E2C200B90193 /* Assets.xcassets */,
				B90A791C2899E2C200B90193 /* LaunchScreen.storyboard */,
				B90A791F2899E2C200B90193 /* Info.plist */,
				B9D6056028D4F1410058D19E /* GoogleService-Info.plist */,
			);
			path = HookahTobacco;
			sourceTree = "<group>";
		};
		B90A79292899F08000B90193 /* CompanyList */ = {
			isa = PBXGroup;
			children = (
				B90A792A2899F0B800B90193 /* CompanyListViewController.swift */,
			);
			path = CompanyList;
			sourceTree = "<group>";
		};
		B90A792E289C2ABE00B90193 /* Services */ = {
			isa = PBXGroup;
			children = (
				B9D6057228D53BFD0058D19E /* AuthService */,
				B948D83428CD284900E35884 /* NetworkService */,
				B948914E28CCEC690021EE79 /* UserDefaultsManager */,
			);
			path = Services;
			sourceTree = "<group>";
		};
		B91EB76728A141F400502221 /* Helpers */ = {
			isa = PBXGroup;
			children = (
				B992985D28DC965600C4E80F /* View */,
				B91EB76828A1421B00502221 /* extention + String.swift */,
				B9A4708228D2B84500CA6FAA /* extention + UIFont.swift */,
				B9677CF128D8917000EF9FC6 /* extention + UIViewController.swift */,
				B98E1DDC28F08C0300964B8F /* Configurator.swift */,
			);
			path = Helpers;
			sourceTree = "<group>";
		};
		B948914E28CCEC690021EE79 /* UserDefaultsManager */ = {
			isa = PBXGroup;
			children = (
				B948914F28CCEC8B0021EE79 /* UserDefaultsManager.swift */,
			);
			path = UserDefaultsManager;
			sourceTree = "<group>";
		};
		B948D83428CD284900E35884 /* NetworkService */ = {
			isa = PBXGroup;
			children = (
				B9D6055E28D4CFD50058D19E /* Protocols */,
				B9D6055728D4CB490058D19E /* Models */,
				B9D6055F28D4CFE20058D19E /* DataManager */,
			);
			path = NetworkService;
			sourceTree = "<group>";
		};
		B98E1DAA28F049E500964B8F /* AddManufacturerModule */ = {
			isa = PBXGroup;
			children = (
				B98E1DAB28F04A0F00964B8F /* AddManufacturerPresenter.swift */,
				B98E1DAC28F04A0F00964B8F /* AddManufacturerRouter.swift */,
				B98E1DAD28F04A0F00964B8F /* AddManufacturerViewController.swift */,
				B98E1DAE28F04A0F00964B8F /* AddManufacturerInteractor.swift */,
				B98E1DAF28F04A0F00964B8F /* AddManufacturerConfigurator.swift */,
				B98E1DB028F04A0F00964B8F /* AddManufacturerEntity.swift */,
			);
			path = AddManufacturerModule;
			sourceTree = "<group>";
		};
		B98E1DCF28F0810D00964B8F /* LoginModule */ = {
			isa = PBXGroup;
			children = (
				B98E1DD028F0812500964B8F /* LoginPresenter.swift */,
				B98E1DD128F0812500964B8F /* LoginRouter.swift */,
				B98E1DD228F0812500964B8F /* LoginViewController.swift */,
				B98E1DD328F0812500964B8F /* LoginInteractor.swift */,
				B98E1DD428F0812500964B8F /* LoginConfigurator.swift */,
			);
			path = LoginModule;
			sourceTree = "<group>";
		};
		B98E1DDE28F08D2800964B8F /* AddTobaccoModule */ = {
			isa = PBXGroup;
			children = (
				B98E1DDF28F08D4400964B8F /* AddTobaccoPresenter.swift */,
				B98E1DE028F08D4400964B8F /* AddTobaccoRouter.swift */,
				B98E1DE128F08D4400964B8F /* AddTobaccoViewController.swift */,
				B98E1DE228F08D4400964B8F /* AddTobaccoInteractor.swift */,
				B98E1DE328F08D4400964B8F /* AddTobaccoConfigurator.swift */,
				B98E1DE428F08D4400964B8F /* AddTobaccoEntity.swift */,
			);
			path = AddTobaccoModule;
			sourceTree = "<group>";
		};
		B98E1DEB28F0DBAA00964B8F /* AdminMenuModule */ = {
			isa = PBXGroup;
			children = (
				B98E1DEC28F0DBCF00964B8F /* AdminMenuPresenter.swift */,
				B98E1DED28F0DBCF00964B8F /* AdminMenuRouter.swift */,
				B98E1DEE28F0DBCF00964B8F /* AdminMenuViewController.swift */,
				B98E1DEF28F0DBCF00964B8F /* AdminMenuInteractor.swift */,
				B98E1DF028F0DBCF00964B8F /* AdminMenuConfigurator.swift */,
			);
			path = AdminMenuModule;
			sourceTree = "<group>";
		};
		B992985D28DC965600C4E80F /* View */ = {
			isa = PBXGroup;
			children = (
				B9A4708528D2BB6400CA6FAA /* AddTextFieldView.swift */,
			);
			path = View;
			sourceTree = "<group>";
		};
		B9D6055728D4CB490058D19E /* Models */ = {
			isa = PBXGroup;
			children = (
				B90A792C289A8C2200B90193 /* Tobacco.swift */,
				B9D6055828D4CB590058D19E /* Manufacturer.swift */,
				B9677CF328D89D4000EF9FC6 /* FirestoreCollection.swift */,
			);
			path = Models;
			sourceTree = "<group>";
		};
		B9D6055E28D4CFD50058D19E /* Protocols */ = {
			isa = PBXGroup;
			children = (
				B9D6055C28D4CFA70058D19E /* GetDataBaseNetworkingProtocol.swift */,
				B948D83528CD286400E35884 /* SetDataBaseNetworkingProtocol.swift */,
			);
			path = Protocols;
			sourceTree = "<group>";
		};
		B9D6055F28D4CFE20058D19E /* DataManager */ = {
			isa = PBXGroup;
			children = (
				B9D6055A28D4CF610058D19E /* FireBaseSetNetworkManager.swift */,
				B9F77A2028E500040089D80C /* FireBaseGetNetworkManager.swift */,
			);
			path = DataManager;
			sourceTree = "<group>";
		};
		B9D6056A28D508800058D19E /* Frameworks */ = {
			isa = PBXGroup;
			children = (
			);
			name = Frameworks;
			sourceTree = "<group>";
		};
		B9D6057228D53BFD0058D19E /* AuthService */ = {
			isa = PBXGroup;
			children = (
				B9D6057328D53C350058D19E /* FireBaseAuthService.swift */,
				B9C7825928ECE25800DBF8C6 /* AuthServiceProtocol.swift */,
			);
			path = AuthService;
			sourceTree = "<group>";
		};
		B9D705F928E3A6730079AD23 /* AdminViews */ = {
			isa = PBXGroup;
			children = (
				B98E1DEB28F0DBAA00964B8F /* AdminMenuModule */,
				B98E1DDE28F08D2800964B8F /* AddTobaccoModule */,
				B98E1DCF28F0810D00964B8F /* LoginModule */,
				B98E1DAA28F049E500964B8F /* AddManufacturerModule */,
			);
			path = AdminViews;
			sourceTree = "<group>";
		};
/* End PBXGroup section */

/* Begin PBXNativeTarget section */
		B90A790D2899E2BF00B90193 /* HookahTobacco */ = {
			isa = PBXNativeTarget;
			buildConfigurationList = B90A79222899E2C200B90193 /* Build configuration list for PBXNativeTarget "HookahTobacco" */;
			buildPhases = (
				B90A790A2899E2BF00B90193 /* Sources */,
				B90A790B2899E2BF00B90193 /* Frameworks */,
				B90A790C2899E2BF00B90193 /* Resources */,
			);
			buildRules = (
			);
			dependencies = (
			);
			name = HookahTobacco;
			packageProductDependencies = (
				B9D6056328D4FED20058D19E /* FirebaseAuth */,
				B9D6056528D4FED20058D19E /* FirebaseFirestoreSwift */,
				B9D6056728D4FED20058D19E /* FirebaseStorage */,
				B9D6056B28D508800058D19E /* SnapKit */,
			);
			productName = HookahTobacco;
			productReference = B90A790E2899E2BF00B90193 /* HookahTobacco.app */;
			productType = "com.apple.product-type.application";
		};
/* End PBXNativeTarget section */

/* Begin PBXProject section */
		B90A79062899E2BF00B90193 /* Project object */ = {
			isa = PBXProject;
			attributes = {
				BuildIndependentTargetsInParallel = 1;
				LastSwiftUpdateCheck = 1340;
				LastUpgradeCheck = 1340;
				TargetAttributes = {
					B90A790D2899E2BF00B90193 = {
						CreatedOnToolsVersion = 13.4;
					};
				};
			};
			buildConfigurationList = B90A79092899E2BF00B90193 /* Build configuration list for PBXProject "HookahTobacco" */;
			compatibilityVersion = "Xcode 13.0";
			developmentRegion = en;
			hasScannedForEncodings = 0;
			knownRegions = (
				en,
				Base,
			);
			mainGroup = B90A79052899E2BF00B90193;
			packageReferences = (
				B9D6056228D4FED20058D19E /* XCRemoteSwiftPackageReference "firebase-ios-sdk" */,
				B9D6056928D4FFDA0058D19E /* XCRemoteSwiftPackageReference "SnapKit" */,
			);
			productRefGroup = B90A790F2899E2BF00B90193 /* Products */;
			projectDirPath = "";
			projectRoot = "";
			targets = (
				B90A790D2899E2BF00B90193 /* HookahTobacco */,
			);
		};
/* End PBXProject section */

/* Begin PBXResourcesBuildPhase section */
		B90A790C2899E2BF00B90193 /* Resources */ = {
			isa = PBXResourcesBuildPhase;
			buildActionMask = 2147483647;
			files = (
				B90A791E2899E2C200B90193 /* LaunchScreen.storyboard in Resources */,
				B90A791B2899E2C200B90193 /* Assets.xcassets in Resources */,
				B9D6056128D4F1410058D19E /* GoogleService-Info.plist in Resources */,
			);
			runOnlyForDeploymentPostprocessing = 0;
		};
/* End PBXResourcesBuildPhase section */

/* Begin PBXSourcesBuildPhase section */
		B90A790A2899E2BF00B90193 /* Sources */ = {
			isa = PBXSourcesBuildPhase;
			buildActionMask = 2147483647;
			files = (
				B98E1DE528F08D4400964B8F /* AddTobaccoPresenter.swift in Sources */,
				B98E1DEA28F08D4400964B8F /* AddTobaccoEntity.swift in Sources */,
				B98E1DD628F0812500964B8F /* LoginPresenter.swift in Sources */,
				B98E1DB428F04A0F00964B8F /* AddManufacturerInteractor.swift in Sources */,
				B98E1DD728F0812500964B8F /* LoginRouter.swift in Sources */,
				B98E1DF228F0DBCF00964B8F /* AdminMenuPresenter.swift in Sources */,
				B90A79122899E2BF00B90193 /* AppDelegate.swift in Sources */,
				B9D6055D28D4CFA70058D19E /* GetDataBaseNetworkingProtocol.swift in Sources */,
				B9F77A2128E500040089D80C /* FireBaseGetNetworkManager.swift in Sources */,
				B98E1DDD28F08C0300964B8F /* Configurator.swift in Sources */,
				B98E1DE928F08D4400964B8F /* AddTobaccoConfigurator.swift in Sources */,
				B9D6057428D53C350058D19E /* FireBaseAuthService.swift in Sources */,
				B9C7825A28ECE25800DBF8C6 /* AuthServiceProtocol.swift in Sources */,
				B98E1DB628F04A0F00964B8F /* AddManufacturerEntity.swift in Sources */,
				B98E1DF328F0DBCF00964B8F /* AdminMenuRouter.swift in Sources */,
				B98E1DF528F0DBCF00964B8F /* AdminMenuInteractor.swift in Sources */,
				B9D6055928D4CB590058D19E /* Manufacturer.swift in Sources */,
				B9D6055B28D4CF610058D19E /* FireBaseSetNetworkManager.swift in Sources */,
				B98E1DDA28F0812500964B8F /* LoginConfigurator.swift in Sources */,
				B9A4708328D2B84500CA6FAA /* extention + UIFont.swift in Sources */,
				B98E1DE828F08D4400964B8F /* AddTobaccoInteractor.swift in Sources */,
				B948D83628CD286400E35884 /* SetDataBaseNetworkingProtocol.swift in Sources */,
				B98E1DB528F04A0F00964B8F /* AddManufacturerConfigurator.swift in Sources */,
				B98E1DD928F0812500964B8F /* LoginInteractor.swift in Sources */,
				B90A79142899E2BF00B90193 /* SceneDelegate.swift in Sources */,
				B90A792D289A8C2200B90193 /* Tobacco.swift in Sources */,
				B9677CF428D89D4000EF9FC6 /* FirestoreCollection.swift in Sources */,
				B98E1DE628F08D4400964B8F /* AddTobaccoRouter.swift in Sources */,
				B9A4708628D2BB6400CA6FAA /* AddTextFieldView.swift in Sources */,
				B98E1DF428F0DBCF00964B8F /* AdminMenuViewController.swift in Sources */,
				B98E1DB328F04A0F00964B8F /* AddManufacturerViewController.swift in Sources */,
				B9677CF228D8917000EF9FC6 /* extention + UIViewController.swift in Sources */,
				B98E1DE728F08D4400964B8F /* AddTobaccoViewController.swift in Sources */,
				B98E1DB228F04A0F00964B8F /* AddManufacturerRouter.swift in Sources */,
				B98E1DD828F0812500964B8F /* LoginViewController.swift in Sources */,
				B98E1DB128F04A0F00964B8F /* AddManufacturerPresenter.swift in Sources */,
				B98E1DF628F0DBCF00964B8F /* AdminMenuConfigurator.swift in Sources */,
			);
			runOnlyForDeploymentPostprocessing = 0;
		};
/* End PBXSourcesBuildPhase section */

/* Begin PBXVariantGroup section */
		B90A791C2899E2C200B90193 /* LaunchScreen.storyboard */ = {
			isa = PBXVariantGroup;
			children = (
				B90A791D2899E2C200B90193 /* Base */,
			);
			name = LaunchScreen.storyboard;
			sourceTree = "<group>";
		};
/* End PBXVariantGroup section */

/* Begin XCBuildConfiguration section */
		B90A79202899E2C200B90193 /* Debug */ = {
			isa = XCBuildConfiguration;
			buildSettings = {
				ALWAYS_SEARCH_USER_PATHS = NO;
				CLANG_ANALYZER_NONNULL = YES;
				CLANG_ANALYZER_NUMBER_OBJECT_CONVERSION = YES_AGGRESSIVE;
				CLANG_CXX_LANGUAGE_STANDARD = "gnu++17";
				CLANG_ENABLE_MODULES = YES;
				CLANG_ENABLE_OBJC_ARC = YES;
				CLANG_ENABLE_OBJC_WEAK = YES;
				CLANG_WARN_BLOCK_CAPTURE_AUTORELEASING = YES;
				CLANG_WARN_BOOL_CONVERSION = YES;
				CLANG_WARN_COMMA = YES;
				CLANG_WARN_CONSTANT_CONVERSION = YES;
				CLANG_WARN_DEPRECATED_OBJC_IMPLEMENTATIONS = YES;
				CLANG_WARN_DIRECT_OBJC_ISA_USAGE = YES_ERROR;
				CLANG_WARN_DOCUMENTATION_COMMENTS = YES;
				CLANG_WARN_EMPTY_BODY = YES;
				CLANG_WARN_ENUM_CONVERSION = YES;
				CLANG_WARN_INFINITE_RECURSION = YES;
				CLANG_WARN_INT_CONVERSION = YES;
				CLANG_WARN_NON_LITERAL_NULL_CONVERSION = YES;
				CLANG_WARN_OBJC_IMPLICIT_RETAIN_SELF = YES;
				CLANG_WARN_OBJC_LITERAL_CONVERSION = YES;
				CLANG_WARN_OBJC_ROOT_CLASS = YES_ERROR;
				CLANG_WARN_QUOTED_INCLUDE_IN_FRAMEWORK_HEADER = YES;
				CLANG_WARN_RANGE_LOOP_ANALYSIS = YES;
				CLANG_WARN_STRICT_PROTOTYPES = YES;
				CLANG_WARN_SUSPICIOUS_MOVE = YES;
				CLANG_WARN_UNGUARDED_AVAILABILITY = YES_AGGRESSIVE;
				CLANG_WARN_UNREACHABLE_CODE = YES;
				CLANG_WARN__DUPLICATE_METHOD_MATCH = YES;
				COPY_PHASE_STRIP = NO;
				DEBUG_INFORMATION_FORMAT = dwarf;
				ENABLE_STRICT_OBJC_MSGSEND = YES;
				ENABLE_TESTABILITY = YES;
				GCC_C_LANGUAGE_STANDARD = gnu11;
				GCC_DYNAMIC_NO_PIC = NO;
				GCC_NO_COMMON_BLOCKS = YES;
				GCC_OPTIMIZATION_LEVEL = 0;
				GCC_PREPROCESSOR_DEFINITIONS = (
					"DEBUG=1",
					"$(inherited)",
				);
				GCC_WARN_64_TO_32_BIT_CONVERSION = YES;
				GCC_WARN_ABOUT_RETURN_TYPE = YES_ERROR;
				GCC_WARN_UNDECLARED_SELECTOR = YES;
				GCC_WARN_UNINITIALIZED_AUTOS = YES_AGGRESSIVE;
				GCC_WARN_UNUSED_FUNCTION = YES;
				GCC_WARN_UNUSED_VARIABLE = YES;
				IPHONEOS_DEPLOYMENT_TARGET = 13.0;
				MTL_ENABLE_DEBUG_INFO = INCLUDE_SOURCE;
				MTL_FAST_MATH = YES;
				ONLY_ACTIVE_ARCH = YES;
				SDKROOT = iphoneos;
				SWIFT_ACTIVE_COMPILATION_CONDITIONS = DEBUG;
				SWIFT_OPTIMIZATION_LEVEL = "-Onone";
			};
			name = Debug;
		};
		B90A79212899E2C200B90193 /* Release */ = {
			isa = XCBuildConfiguration;
			buildSettings = {
				ALWAYS_SEARCH_USER_PATHS = NO;
				CLANG_ANALYZER_NONNULL = YES;
				CLANG_ANALYZER_NUMBER_OBJECT_CONVERSION = YES_AGGRESSIVE;
				CLANG_CXX_LANGUAGE_STANDARD = "gnu++17";
				CLANG_ENABLE_MODULES = YES;
				CLANG_ENABLE_OBJC_ARC = YES;
				CLANG_ENABLE_OBJC_WEAK = YES;
				CLANG_WARN_BLOCK_CAPTURE_AUTORELEASING = YES;
				CLANG_WARN_BOOL_CONVERSION = YES;
				CLANG_WARN_COMMA = YES;
				CLANG_WARN_CONSTANT_CONVERSION = YES;
				CLANG_WARN_DEPRECATED_OBJC_IMPLEMENTATIONS = YES;
				CLANG_WARN_DIRECT_OBJC_ISA_USAGE = YES_ERROR;
				CLANG_WARN_DOCUMENTATION_COMMENTS = YES;
				CLANG_WARN_EMPTY_BODY = YES;
				CLANG_WARN_ENUM_CONVERSION = YES;
				CLANG_WARN_INFINITE_RECURSION = YES;
				CLANG_WARN_INT_CONVERSION = YES;
				CLANG_WARN_NON_LITERAL_NULL_CONVERSION = YES;
				CLANG_WARN_OBJC_IMPLICIT_RETAIN_SELF = YES;
				CLANG_WARN_OBJC_LITERAL_CONVERSION = YES;
				CLANG_WARN_OBJC_ROOT_CLASS = YES_ERROR;
				CLANG_WARN_QUOTED_INCLUDE_IN_FRAMEWORK_HEADER = YES;
				CLANG_WARN_RANGE_LOOP_ANALYSIS = YES;
				CLANG_WARN_STRICT_PROTOTYPES = YES;
				CLANG_WARN_SUSPICIOUS_MOVE = YES;
				CLANG_WARN_UNGUARDED_AVAILABILITY = YES_AGGRESSIVE;
				CLANG_WARN_UNREACHABLE_CODE = YES;
				CLANG_WARN__DUPLICATE_METHOD_MATCH = YES;
				COPY_PHASE_STRIP = NO;
				DEBUG_INFORMATION_FORMAT = "dwarf-with-dsym";
				ENABLE_NS_ASSERTIONS = NO;
				ENABLE_STRICT_OBJC_MSGSEND = YES;
				GCC_C_LANGUAGE_STANDARD = gnu11;
				GCC_NO_COMMON_BLOCKS = YES;
				GCC_WARN_64_TO_32_BIT_CONVERSION = YES;
				GCC_WARN_ABOUT_RETURN_TYPE = YES_ERROR;
				GCC_WARN_UNDECLARED_SELECTOR = YES;
				GCC_WARN_UNINITIALIZED_AUTOS = YES_AGGRESSIVE;
				GCC_WARN_UNUSED_FUNCTION = YES;
				GCC_WARN_UNUSED_VARIABLE = YES;
				IPHONEOS_DEPLOYMENT_TARGET = 13.0;
				MTL_ENABLE_DEBUG_INFO = NO;
				MTL_FAST_MATH = YES;
				SDKROOT = iphoneos;
				SWIFT_COMPILATION_MODE = wholemodule;
				SWIFT_OPTIMIZATION_LEVEL = "-O";
				VALIDATE_PRODUCT = YES;
			};
			name = Release;
		};
		B90A79232899E2C200B90193 /* Debug */ = {
			isa = XCBuildConfiguration;
			buildSettings = {
				ASSETCATALOG_COMPILER_APPICON_NAME = AppIcon;
				ASSETCATALOG_COMPILER_GLOBAL_ACCENT_COLOR_NAME = AccentColor;
				CODE_SIGN_STYLE = Automatic;
				CURRENT_PROJECT_VERSION = 1;
				DEVELOPMENT_TEAM = Q8BJ8563H3;
				GENERATE_INFOPLIST_FILE = YES;
				INFOPLIST_FILE = HookahTobacco/Info.plist;
				INFOPLIST_KEY_UIApplicationSupportsIndirectInputEvents = YES;
				INFOPLIST_KEY_UILaunchStoryboardName = LaunchScreen;
				INFOPLIST_KEY_UISupportedInterfaceOrientations = UIInterfaceOrientationPortrait;
				INFOPLIST_KEY_UISupportedInterfaceOrientations_iPad = "UIInterfaceOrientationPortrait UIInterfaceOrientationPortraitUpsideDown UIInterfaceOrientationLandscapeLeft UIInterfaceOrientationLandscapeRight";
				INFOPLIST_KEY_UISupportedInterfaceOrientations_iPhone = "UIInterfaceOrientationPortrait UIInterfaceOrientationLandscapeLeft UIInterfaceOrientationLandscapeRight";
				IPHONEOS_DEPLOYMENT_TARGET = 13.0;
				LD_RUNPATH_SEARCH_PATHS = (
					"$(inherited)",
					"@executable_path/Frameworks",
				);
				MARKETING_VERSION = 1.0;
				PRODUCT_BUNDLE_IDENTIFIER = ru.kochetkovAnton.HookahTobacco;
				PRODUCT_NAME = "$(TARGET_NAME)";
				SWIFT_EMIT_LOC_STRINGS = YES;
				SWIFT_VERSION = 5.0;
				TARGETED_DEVICE_FAMILY = 1;
			};
			name = Debug;
		};
		B90A79242899E2C200B90193 /* Release */ = {
			isa = XCBuildConfiguration;
			buildSettings = {
				ASSETCATALOG_COMPILER_APPICON_NAME = AppIcon;
				ASSETCATALOG_COMPILER_GLOBAL_ACCENT_COLOR_NAME = AccentColor;
				CODE_SIGN_STYLE = Automatic;
				CURRENT_PROJECT_VERSION = 1;
				DEVELOPMENT_TEAM = Q8BJ8563H3;
				GENERATE_INFOPLIST_FILE = YES;
				INFOPLIST_FILE = HookahTobacco/Info.plist;
				INFOPLIST_KEY_UIApplicationSupportsIndirectInputEvents = YES;
				INFOPLIST_KEY_UILaunchStoryboardName = LaunchScreen;
				INFOPLIST_KEY_UISupportedInterfaceOrientations = UIInterfaceOrientationPortrait;
				INFOPLIST_KEY_UISupportedInterfaceOrientations_iPad = "UIInterfaceOrientationPortrait UIInterfaceOrientationPortraitUpsideDown UIInterfaceOrientationLandscapeLeft UIInterfaceOrientationLandscapeRight";
				INFOPLIST_KEY_UISupportedInterfaceOrientations_iPhone = "UIInterfaceOrientationPortrait UIInterfaceOrientationLandscapeLeft UIInterfaceOrientationLandscapeRight";
				IPHONEOS_DEPLOYMENT_TARGET = 13.0;
				LD_RUNPATH_SEARCH_PATHS = (
					"$(inherited)",
					"@executable_path/Frameworks",
				);
				MARKETING_VERSION = 1.0;
				PRODUCT_BUNDLE_IDENTIFIER = ru.kochetkovAnton.HookahTobacco;
				PRODUCT_NAME = "$(TARGET_NAME)";
				SWIFT_EMIT_LOC_STRINGS = YES;
				SWIFT_VERSION = 5.0;
				TARGETED_DEVICE_FAMILY = 1;
			};
			name = Release;
		};
/* End XCBuildConfiguration section */

/* Begin XCConfigurationList section */
		B90A79092899E2BF00B90193 /* Build configuration list for PBXProject "HookahTobacco" */ = {
			isa = XCConfigurationList;
			buildConfigurations = (
				B90A79202899E2C200B90193 /* Debug */,
				B90A79212899E2C200B90193 /* Release */,
			);
			defaultConfigurationIsVisible = 0;
			defaultConfigurationName = Debug;
		};
		B90A79222899E2C200B90193 /* Build configuration list for PBXNativeTarget "HookahTobacco" */ = {
			isa = XCConfigurationList;
			buildConfigurations = (
				B90A79232899E2C200B90193 /* Debug */,
				B90A79242899E2C200B90193 /* Release */,
			);
			defaultConfigurationIsVisible = 0;
			defaultConfigurationName = Debug;
		};
/* End XCConfigurationList section */

/* Begin XCRemoteSwiftPackageReference section */
		B9D6056228D4FED20058D19E /* XCRemoteSwiftPackageReference "firebase-ios-sdk" */ = {
			isa = XCRemoteSwiftPackageReference;
			repositoryURL = "https://github.com/firebase/firebase-ios-sdk";
			requirement = {
				kind = upToNextMajorVersion;
				minimumVersion = 9.0.0;
			};
		};
		B9D6056928D4FFDA0058D19E /* XCRemoteSwiftPackageReference "SnapKit" */ = {
			isa = XCRemoteSwiftPackageReference;
			repositoryURL = "https://github.com/SnapKit/SnapKit.git";
			requirement = {
				kind = upToNextMajorVersion;
				minimumVersion = 5.0.0;
			};
		};
/* End XCRemoteSwiftPackageReference section */

/* Begin XCSwiftPackageProductDependency section */
		B9D6056328D4FED20058D19E /* FirebaseAuth */ = {
			isa = XCSwiftPackageProductDependency;
			package = B9D6056228D4FED20058D19E /* XCRemoteSwiftPackageReference "firebase-ios-sdk" */;
			productName = FirebaseAuth;
		};
		B9D6056528D4FED20058D19E /* FirebaseFirestoreSwift */ = {
			isa = XCSwiftPackageProductDependency;
			package = B9D6056228D4FED20058D19E /* XCRemoteSwiftPackageReference "firebase-ios-sdk" */;
			productName = FirebaseFirestoreSwift;
		};
		B9D6056728D4FED20058D19E /* FirebaseStorage */ = {
			isa = XCSwiftPackageProductDependency;
			package = B9D6056228D4FED20058D19E /* XCRemoteSwiftPackageReference "firebase-ios-sdk" */;
			productName = FirebaseStorage;
		};
		B9D6056B28D508800058D19E /* SnapKit */ = {
			isa = XCSwiftPackageProductDependency;
			package = B9D6056928D4FFDA0058D19E /* XCRemoteSwiftPackageReference "SnapKit" */;
			productName = SnapKit;
		};
/* End XCSwiftPackageProductDependency section */
	};
	rootObject = B90A79062899E2BF00B90193 /* Project object */;
}
